
Microsoft Visual Studio Solution File, Format Version 12.00
# Visual Studio Version 16
VisualStudioVersion = 16.0.31105.61
MinimumVisualStudioVersion = 10.0.40219.1
Project("{FAE04EC0-301F-11D3-BF4B-00C04F79EFBC}") = "Panino", "Panino\Panino.csproj", "{9F67FBC2-940D-4D5A-93AC-9B8A4A21A3E1}"
EndProject
Global
	GlobalSection(SolutionConfigurationPlatforms) = preSolution
		Debug|Any CPU = Debug|Any CPU
		Release|Any CPU = Release|Any CPU
	EndGlobalSection
	GlobalSection(ProjectConfigurationPlatforms) = postSolution
		{9F67FBC2-940D-4D5A-93AC-9B8A4A21A3E1}.Debug|Any CPU.ActiveCfg = Debug|Any CPU
		{9F67FBC2-940D-4D5A-93AC-9B8A4A21A3E1}.Debug|Any CPU.Build.0 = Debug|Any CPU
		{9F67FBC2-940D-4D5A-93AC-9B8A4A21A3E1}.Release|Any CPU.ActiveCfg = Release|Any CPU
		{9F67FBC2-940D-4D5A-93AC-9B8A4A21A3E1}.Release|Any CPU.Build.0 = Release|Any CPU
	EndGlobalSection
	GlobalSection(SolutionProperties) = preSolution
		HideSolutionNode = FALSE
	EndGlobalSection
	GlobalSection(ExtensibilityGlobals) = postSolution
		SolutionGuid = {5D89B740-254D-4B3E-A65E-248DE8485B82}
	EndGlobalSection
EndGlobal
